
Microsoft Visual Studio Solution File, Format Version 12.00
# Visual Studio Version 17
VisualStudioVersion = 17.6.33723.286
MinimumVisualStudioVersion = 10.0.40219.1
Project("{FAE04EC0-301F-11D3-BF4B-00C04F79EFBC}") = "NoCamoM60", "NoCamoM60.csproj", "{34E056D0-0621-4788-AFC3-A85BDAB3FABD}"
EndProject
Global
	GlobalSection(SolutionConfigurationPlatforms) = preSolution
		Debug|Any CPU = Debug|Any CPU
		Release|Any CPU = Release|Any CPU
	EndGlobalSection
	GlobalSection(ProjectConfigurationPlatforms) = postSolution
		{34E056D0-0621-4788-AFC3-A85BDAB3FABD}.Debug|Any CPU.ActiveCfg = Debug|Any CPU
		{34E056D0-0621-4788-AFC3-A85BDAB3FABD}.Debug|Any CPU.Build.0 = Debug|Any CPU
		{34E056D0-0621-4788-AFC3-A85BDAB3FABD}.Release|Any CPU.ActiveCfg = Release|Any CPU
		{34E056D0-0621-4788-AFC3-A85BDAB3FABD}.Release|Any CPU.Build.0 = Release|Any CPU
	EndGlobalSection
	GlobalSection(SolutionProperties) = preSolution
		HideSolutionNode = FALSE
	EndGlobalSection
	GlobalSection(ExtensibilityGlobals) = postSolution
		SolutionGuid = {811E6994-3C46-4E11-9AC7-BB14B3520659}
	EndGlobalSection
EndGlobal
